
Microsoft Visual Studio Solution File, Format Version 12.00
# Visual Studio 2013
VisualStudioVersion = 12.0.30723.0
MinimumVisualStudioVersion = 10.0.40219.1
Project("{FAE04EC0-301F-11D3-BF4B-00C04F79EFBC}") = "BaseFramework.Domain", "BaseFramework.Domain\BaseFramework.Domain.csproj", "{0F902C21-3623-4CC7-A78A-CF3DE14AC01D}"
EndProject
Project("{FAE04EC0-301F-11D3-BF4B-00C04F79EFBC}") = "BaseFramework.Persistence", "BaseFramework.Persistence\BaseFramework.Persistence.csproj", "{9B70D9DC-E348-4C97-86A7-49901A9364C6}"
EndProject
Global
	GlobalSection(SolutionConfigurationPlatforms) = preSolution
		Debug|Any CPU = Debug|Any CPU
		Release|Any CPU = Release|Any CPU
	EndGlobalSection
	GlobalSection(ProjectConfigurationPlatforms) = postSolution
		{0F902C21-3623-4CC7-A78A-CF3DE14AC01D}.Debug|Any CPU.ActiveCfg = Debug|Any CPU
		{0F902C21-3623-4CC7-A78A-CF3DE14AC01D}.Debug|Any CPU.Build.0 = Debug|Any CPU
		{0F902C21-3623-4CC7-A78A-CF3DE14AC01D}.Release|Any CPU.ActiveCfg = Release|Any CPU
		{0F902C21-3623-4CC7-A78A-CF3DE14AC01D}.Release|Any CPU.Build.0 = Release|Any CPU
		{9B70D9DC-E348-4C97-86A7-49901A9364C6}.Debug|Any CPU.ActiveCfg = Debug|Any CPU
		{9B70D9DC-E348-4C97-86A7-49901A9364C6}.Debug|Any CPU.Build.0 = Debug|Any CPU
		{9B70D9DC-E348-4C97-86A7-49901A9364C6}.Release|Any CPU.ActiveCfg = Release|Any CPU
		{9B70D9DC-E348-4C97-86A7-49901A9364C6}.Release|Any CPU.Build.0 = Release|Any CPU
	EndGlobalSection
	GlobalSection(SolutionProperties) = preSolution
		HideSolutionNode = FALSE
	EndGlobalSection
EndGlobal
